
Microsoft Visual Studio Solution File, Format Version 12.00
# Visual Studio Version 17
VisualStudioVersion = 17.14.36915.13 d17.14
MinimumVisualStudioVersion = 10.0.40219.1
Project("{FAE04EC0-301F-11D3-BF4B-00C04F79EFBC}") = "libCuentaBanc.dll", "libCuentaBanc.dll\libCuentaBanc.dll.csproj", "{050B607E-66E2-4EFF-9539-AA2F5E41930C}"
EndProject
Global
	GlobalSection(SolutionConfigurationPlatforms) = preSolution
		Debug|Any CPU = Debug|Any CPU
		Release|Any CPU = Release|Any CPU
	EndGlobalSection
	GlobalSection(ProjectConfigurationPlatforms) = postSolution
		{050B607E-66E2-4EFF-9539-AA2F5E41930C}.Debug|Any CPU.ActiveCfg = Debug|Any CPU
		{050B607E-66E2-4EFF-9539-AA2F5E41930C}.Debug|Any CPU.Build.0 = Debug|Any CPU
		{050B607E-66E2-4EFF-9539-AA2F5E41930C}.Release|Any CPU.ActiveCfg = Release|Any CPU
		{050B607E-66E2-4EFF-9539-AA2F5E41930C}.Release|Any CPU.Build.0 = Release|Any CPU
	EndGlobalSection
	GlobalSection(SolutionProperties) = preSolution
		HideSolutionNode = FALSE
	EndGlobalSection
	GlobalSection(ExtensibilityGlobals) = postSolution
		SolutionGuid = {20D6B924-8722-4573-9EC2-7C97880ADA67}
	EndGlobalSection
EndGlobal
